
Microsoft Visual Studio Solution File, Format Version 12.00
Project("{2150E333-8FDC-42A3-9474-1A3956D46DE8}") = "Solution Items", "Solution Items", "{BD5F1733-2EDE-436A-9D60-D687F51855B1}"
	ProjectSection(SolutionItems) = preProject
		compose.yaml = compose.yaml
	EndProjectSection
EndProject
Project("{2150E333-8FDC-42A3-9474-1A3956D46DE8}") = "src", "src", "{827E0CD3-B72D-47B6-A68D-7590B98EB39B}"
EndProject
Project("{FAE04EC0-301F-11D3-BF4B-00C04F79EFBC}") = "PicoNet.Domain", "src\PicoNet.Domain\PicoNet.Domain.csproj", "{C67A113C-0020-4B75-87DF-2FA1C502E218}"
EndProject
Project("{FAE04EC0-301F-11D3-BF4B-00C04F79EFBC}") = "PicoNet.Application", "src\PicoNet.Application\PicoNet.Application.csproj", "{6AE24C6A-2912-498B-B81A-E1C0926A6CB5}"
EndProject
Project("{FAE04EC0-301F-11D3-BF4B-00C04F79EFBC}") = "PicoNet.Infrastructure", "src\PicoNet.Infrastructure\PicoNet.Infrastructure.csproj", "{C57F61E0-6D5F-46A9-996E-0593EA92C110}"
EndProject
Project("{FAE04EC0-301F-11D3-BF4B-00C04F79EFBC}") = "PicoNet.UI", "src\PicoNet.UI\PicoNet.UI.csproj", "{7F184E03-F285-4432-8DE0-07C95058F219}"
EndProject
Project("{FAE04EC0-301F-11D3-BF4B-00C04F79EFBC}") = "PicoNet.Api", "src\PicoNet.Api\PicoNet.Api.csproj", "{AEBAEE72-4C40-4ADC-93D9-7450ED87A420}"
EndProject
Project("{FAE04EC0-301F-11D3-BF4B-00C04F79EFBC}") = "PicoNet.Contracts", "src\PicoNet.Contracts\PicoNet.Contracts.csproj", "{11F8E601-7A7D-4658-BCDC-A2369B4B878C}"
EndProject
Project("{FAE04EC0-301F-11D3-BF4B-00C04F79EFBC}") = "PicoNet.ServiceDefaults", "src\PicoNet.ServiceDefaults\PicoNet.ServiceDefaults.csproj", "{65118CF1-ABF4-4305-85CA-4B715C7647EB}"
EndProject
Project("{FAE04EC0-301F-11D3-BF4B-00C04F79EFBC}") = "PicoNet.AppHost", "src\PicoNet.AppHost\PicoNet.AppHost.csproj", "{F76BD42C-590A-4A05-8AE0-E6E1FDB0E038}"
EndProject
Global
	GlobalSection(SolutionConfigurationPlatforms) = preSolution
		Debug|Any CPU = Debug|Any CPU
		Debug|x64 = Debug|x64
		Debug|x86 = Debug|x86
		Release|Any CPU = Release|Any CPU
		Release|x64 = Release|x64
		Release|x86 = Release|x86
	EndGlobalSection
	GlobalSection(ProjectConfigurationPlatforms) = postSolution
		{C67A113C-0020-4B75-87DF-2FA1C502E218}.Debug|Any CPU.ActiveCfg = Debug|Any CPU
		{C67A113C-0020-4B75-87DF-2FA1C502E218}.Debug|Any CPU.Build.0 = Debug|Any CPU
		{C67A113C-0020-4B75-87DF-2FA1C502E218}.Debug|x64.ActiveCfg = Debug|Any CPU
		{C67A113C-0020-4B75-87DF-2FA1C502E218}.Debug|x64.Build.0 = Debug|Any CPU
		{C67A113C-0020-4B75-87DF-2FA1C502E218}.Debug|x86.ActiveCfg = Debug|Any CPU
		{C67A113C-0020-4B75-87DF-2FA1C502E218}.Debug|x86.Build.0 = Debug|Any CPU
		{C67A113C-0020-4B75-87DF-2FA1C502E218}.Release|Any CPU.ActiveCfg = Release|Any CPU
		{C67A113C-0020-4B75-87DF-2FA1C502E218}.Release|Any CPU.Build.0 = Release|Any CPU
		{C67A113C-0020-4B75-87DF-2FA1C502E218}.Release|x64.ActiveCfg = Release|Any CPU
		{C67A113C-0020-4B75-87DF-2FA1C502E218}.Release|x64.Build.0 = Release|Any CPU
		{C67A113C-0020-4B75-87DF-2FA1C502E218}.Release|x86.ActiveCfg = Release|Any CPU
		{C67A113C-0020-4B75-87DF-2FA1C502E218}.Release|x86.Build.0 = Release|Any CPU
		{6AE24C6A-2912-498B-B81A-E1C0926A6CB5}.Debug|Any CPU.ActiveCfg = Debug|Any CPU
		{6AE24C6A-2912-498B-B81A-E1C0926A6CB5}.Debug|Any CPU.Build.0 = Debug|Any CPU
		{6AE24C6A-2912-498B-B81A-E1C0926A6CB5}.Debug|x64.ActiveCfg = Debug|Any CPU
		{6AE24C6A-2912-498B-B81A-E1C0926A6CB5}.Debug|x64.Build.0 = Debug|Any CPU
		{6AE24C6A-2912-498B-B81A-E1C0926A6CB5}.Debug|x86.ActiveCfg = Debug|Any CPU
		{6AE24C6A-2912-498B-B81A-E1C0926A6CB5}.Debug|x86.Build.0 = Debug|Any CPU
		{6AE24C6A-2912-498B-B81A-E1C0926A6CB5}.Release|Any CPU.ActiveCfg = Release|Any CPU
		{6AE24C6A-2912-498B-B81A-E1C0926A6CB5}.Release|Any CPU.Build.0 = Release|Any CPU
		{6AE24C6A-2912-498B-B81A-E1C0926A6CB5}.Release|x64.ActiveCfg = Release|Any CPU
		{6AE24C6A-2912-498B-B81A-E1C0926A6CB5}.Release|x64.Build.0 = Release|Any CPU
		{6AE24C6A-2912-498B-B81A-E1C0926A6CB5}.Release|x86.ActiveCfg = Release|Any CPU
		{6AE24C6A-2912-498B-B81A-E1C0926A6CB5}.Release|x86.Build.0 = Release|Any CPU
		{C57F61E0-6D5F-46A9-996E-0593EA92C110}.Debug|Any CPU.ActiveCfg = Debug|Any CPU
		{C57F61E0-6D5F-46A9-996E-0593EA92C110}.Debug|Any CPU.Build.0 = Debug|Any CPU
		{C57F61E0-6D5F-46A9-996E-0593EA92C110}.Debug|x64.ActiveCfg = Debug|Any CPU
		{C57F61E0-6D5F-46A9-996E-0593EA92C110}.Debug|x64.Build.0 = Debug|Any CPU
		{C57F61E0-6D5F-46A9-996E-0593EA92C110}.Debug|x86.ActiveCfg = Debug|Any CPU
		{C57F61E0-6D5F-46A9-996E-0593EA92C110}.Debug|x86.Build.0 = Debug|Any CPU
		{C57F61E0-6D5F-46A9-996E-0593EA92C110}.Release|Any CPU.ActiveCfg = Release|Any CPU
		{C57F61E0-6D5F-46A9-996E-0593EA92C110}.Release|Any CPU.Build.0 = Release|Any CPU
		{C57F61E0-6D5F-46A9-996E-0593EA92C110}.Release|x64.ActiveCfg = Release|Any CPU
		{C57F61E0-6D5F-46A9-996E-0593EA92C110}.Release|x64.Build.0 = Release|Any CPU
		{C57F61E0-6D5F-46A9-996E-0593EA92C110}.Release|x86.ActiveCfg = Release|Any CPU
		{C57F61E0-6D5F-46A9-996E-0593EA92C110}.Release|x86.Build.0 = Release|Any CPU
		{7F184E03-F285-4432-8DE0-07C95058F219}.Debug|Any CPU.ActiveCfg = Debug|Any CPU
		{7F184E03-F285-4432-8DE0-07C95058F219}.Debug|Any CPU.Build.0 = Debug|Any CPU
		{7F184E03-F285-4432-8DE0-07C95058F219}.Debug|x64.ActiveCfg = Debug|Any CPU
		{7F184E03-F285-4432-8DE0-07C95058F219}.Debug|x64.Build.0 = Debug|Any CPU
		{7F184E03-F285-4432-8DE0-07C95058F219}.Debug|x86.ActiveCfg = Debug|Any CPU
		{7F184E03-F285-4432-8DE0-07C95058F219}.Debug|x86.Build.0 = Debug|Any CPU
		{7F184E03-F285-4432-8DE0-07C95058F219}.Release|Any CPU.ActiveCfg = Release|Any CPU
		{7F184E03-F285-4432-8DE0-07C95058F219}.Release|Any CPU.Build.0 = Release|Any CPU
		{7F184E03-F285-4432-8DE0-07C95058F219}.Release|x64.ActiveCfg = Release|Any CPU
		{7F184E03-F285-4432-8DE0-07C95058F219}.Release|x64.Build.0 = Release|Any CPU
		{7F184E03-F285-4432-8DE0-07C95058F219}.Release|x86.ActiveCfg = Release|Any CPU
		{7F184E03-F285-4432-8DE0-07C95058F219}.Release|x86.Build.0 = Release|Any CPU
		{AEBAEE72-4C40-4ADC-93D9-7450ED87A420}.Debug|Any CPU.ActiveCfg = Debug|Any CPU
		{AEBAEE72-4C40-4ADC-93D9-7450ED87A420}.Debug|Any CPU.Build.0 = Debug|Any CPU
		{AEBAEE72-4C40-4ADC-93D9-7450ED87A420}.Debug|x64.ActiveCfg = Debug|Any CPU
		{AEBAEE72-4C40-4ADC-93D9-7450ED87A420}.Debug|x64.Build.0 = Debug|Any CPU
		{AEBAEE72-4C40-4ADC-93D9-7450ED87A420}.Debug|x86.ActiveCfg = Debug|Any CPU
		{AEBAEE72-4C40-4ADC-93D9-7450ED87A420}.Debug|x86.Build.0 = Debug|Any CPU
		{AEBAEE72-4C40-4ADC-93D9-7450ED87A420}.Release|Any CPU.ActiveCfg = Release|Any CPU
		{AEBAEE72-4C40-4ADC-93D9-7450ED87A420}.Release|Any CPU.Build.0 = Release|Any CPU
		{AEBAEE72-4C40-4ADC-93D9-7450ED87A420}.Release|x64.ActiveCfg = Release|Any CPU
		{AEBAEE72-4C40-4ADC-93D9-7450ED87A420}.Release|x64.Build.0 = Release|Any CPU
		{AEBAEE72-4C40-4ADC-93D9-7450ED87A420}.Release|x86.ActiveCfg = Release|Any CPU
		{AEBAEE72-4C40-4ADC-93D9-7450ED87A420}.Release|x86.Build.0 = Release|Any CPU
		{11F8E601-7A7D-4658-BCDC-A2369B4B878C}.Debug|Any CPU.ActiveCfg = Debug|Any CPU
		{11F8E601-7A7D-4658-BCDC-A2369B4B878C}.Debug|Any CPU.Build.0 = Debug|Any CPU
		{11F8E601-7A7D-4658-BCDC-A2369B4B878C}.Debug|x64.ActiveCfg = Debug|Any CPU
		{11F8E601-7A7D-4658-BCDC-A2369B4B878C}.Debug|x64.Build.0 = Debug|Any CPU
		{11F8E601-7A7D-4658-BCDC-A2369B4B878C}.Debug|x86.ActiveCfg = Debug|Any CPU
		{11F8E601-7A7D-4658-BCDC-A2369B4B878C}.Debug|x86.Build.0 = Debug|Any CPU
		{11F8E601-7A7D-4658-BCDC-A2369B4B878C}.Release|Any CPU.ActiveCfg = Release|Any CPU
		{11F8E601-7A7D-4658-BCDC-A2369B4B878C}.Release|Any CPU.Build.0 = Release|Any CPU
		{11F8E601-7A7D-4658-BCDC-A2369B4B878C}.Release|x64.ActiveCfg = Release|Any CPU
		{11F8E601-7A7D-4658-BCDC-A2369B4B878C}.Release|x64.Build.0 = Release|Any CPU
		{11F8E601-7A7D-4658-BCDC-A2369B4B878C}.Release|x86.ActiveCfg = Release|Any CPU
		{11F8E601-7A7D-4658-BCDC-A2369B4B878C}.Release|x86.Build.0 = Release|Any CPU
		{65118CF1-ABF4-4305-85CA-4B715C7647EB}.Debug|Any CPU.ActiveCfg = Debug|Any CPU
		{65118CF1-ABF4-4305-85CA-4B715C7647EB}.Debug|Any CPU.Build.0 = Debug|Any CPU
		{65118CF1-ABF4-4305-85CA-4B715C7647EB}.Debug|x64.ActiveCfg = Debug|Any CPU
		{65118CF1-ABF4-4305-85CA-4B715C7647EB}.Debug|x64.Build.0 = Debug|Any CPU
		{65118CF1-ABF4-4305-85CA-4B715C7647EB}.Debug|x86.ActiveCfg = Debug|Any CPU
		{65118CF1-ABF4-4305-85CA-4B715C7647EB}.Debug|x86.Build.0 = Debug|Any CPU
		{65118CF1-ABF4-4305-85CA-4B715C7647EB}.Release|Any CPU.ActiveCfg = Release|Any CPU
		{65118CF1-ABF4-4305-85CA-4B715C7647EB}.Release|Any CPU.Build.0 = Release|Any CPU
		{65118CF1-ABF4-4305-85CA-4B715C7647EB}.Release|x64.ActiveCfg = Release|Any CPU
		{65118CF1-ABF4-4305-85CA-4B715C7647EB}.Release|x64.Build.0 = Release|Any CPU
		{65118CF1-ABF4-4305-85CA-4B715C7647EB}.Release|x86.ActiveCfg = Release|Any CPU
		{65118CF1-ABF4-4305-85CA-4B715C7647EB}.Release|x86.Build.0 = Release|Any CPU
		{F76BD42C-590A-4A05-8AE0-E6E1FDB0E038}.Debug|Any CPU.ActiveCfg = Debug|Any CPU
		{F76BD42C-590A-4A05-8AE0-E6E1FDB0E038}.Debug|Any CPU.Build.0 = Debug|Any CPU
		{F76BD42C-590A-4A05-8AE0-E6E1FDB0E038}.Debug|x64.ActiveCfg = Debug|Any CPU
		{F76BD42C-590A-4A05-8AE0-E6E1FDB0E038}.Debug|x64.Build.0 = Debug|Any CPU
		{F76BD42C-590A-4A05-8AE0-E6E1FDB0E038}.Debug|x86.ActiveCfg = Debug|Any CPU
		{F76BD42C-590A-4A05-8AE0-E6E1FDB0E038}.Debug|x86.Build.0 = Debug|Any CPU
		{F76BD42C-590A-4A05-8AE0-E6E1FDB0E038}.Release|Any CPU.ActiveCfg = Release|Any CPU
		{F76BD42C-590A-4A05-8AE0-E6E1FDB0E038}.Release|Any CPU.Build.0 = Release|Any CPU
		{F76BD42C-590A-4A05-8AE0-E6E1FDB0E038}.Release|x64.ActiveCfg = Release|Any CPU
		{F76BD42C-590A-4A05-8AE0-E6E1FDB0E038}.Release|x64.Build.0 = Release|Any CPU
		{F76BD42C-590A-4A05-8AE0-E6E1FDB0E038}.Release|x86.ActiveCfg = Release|Any CPU
		{F76BD42C-590A-4A05-8AE0-E6E1FDB0E038}.Release|x86.Build.0 = Release|Any CPU
	EndGlobalSection
	GlobalSection(SolutionProperties) = preSolution
		HideSolutionNode = FALSE
	EndGlobalSection
	GlobalSection(NestedProjects) = preSolution
		{C67A113C-0020-4B75-87DF-2FA1C502E218} = {827E0CD3-B72D-47B6-A68D-7590B98EB39B}
		{6AE24C6A-2912-498B-B81A-E1C0926A6CB5} = {827E0CD3-B72D-47B6-A68D-7590B98EB39B}
		{C57F61E0-6D5F-46A9-996E-0593EA92C110} = {827E0CD3-B72D-47B6-A68D-7590B98EB39B}
		{7F184E03-F285-4432-8DE0-07C95058F219} = {827E0CD3-B72D-47B6-A68D-7590B98EB39B}
		{AEBAEE72-4C40-4ADC-93D9-7450ED87A420} = {827E0CD3-B72D-47B6-A68D-7590B98EB39B}
		{11F8E601-7A7D-4658-BCDC-A2369B4B878C} = {827E0CD3-B72D-47B6-A68D-7590B98EB39B}
		{65118CF1-ABF4-4305-85CA-4B715C7647EB} = {827E0CD3-B72D-47B6-A68D-7590B98EB39B}
		{F76BD42C-590A-4A05-8AE0-E6E1FDB0E038} = {827E0CD3-B72D-47B6-A68D-7590B98EB39B}
	EndGlobalSection
EndGlobal
